
Microsoft Visual Studio Solution File, Format Version 12.00
# Visual Studio Version 16
VisualStudioVersion = 16.0.28902.138
MinimumVisualStudioVersion = 10.0.40219.1
Project("{9A19103F-16F7-4668-BE54-9A1E7A4F7556}") = "TweetyCore", "TweetyCore\TweetyCore.csproj", "{D673486D-FC9C-4205-B29B-3D670DF1BBBF}"
EndProject
Project("{FAE04EC0-301F-11D3-BF4B-00C04F79EFBC}") = "TweetyCore.Test", "TweetyCore.Test\TweetyCore.Test.csproj", "{607C90C5-BD80-4E77-82D2-37CE6BD72474}"
EndProject
Global
	GlobalSection(SolutionConfigurationPlatforms) = preSolution
		Debug|Any CPU = Debug|Any CPU
		Release|Any CPU = Release|Any CPU
	EndGlobalSection
	GlobalSection(ProjectConfigurationPlatforms) = postSolution
		{D673486D-FC9C-4205-B29B-3D670DF1BBBF}.Debug|Any CPU.ActiveCfg = Debug|Any CPU
		{D673486D-FC9C-4205-B29B-3D670DF1BBBF}.Debug|Any CPU.Build.0 = Debug|Any CPU
		{D673486D-FC9C-4205-B29B-3D670DF1BBBF}.Release|Any CPU.ActiveCfg = Release|Any CPU
		{D673486D-FC9C-4205-B29B-3D670DF1BBBF}.Release|Any CPU.Build.0 = Release|Any CPU
		{607C90C5-BD80-4E77-82D2-37CE6BD72474}.Debug|Any CPU.ActiveCfg = Debug|Any CPU
		{607C90C5-BD80-4E77-82D2-37CE6BD72474}.Debug|Any CPU.Build.0 = Debug|Any CPU
		{607C90C5-BD80-4E77-82D2-37CE6BD72474}.Release|Any CPU.ActiveCfg = Release|Any CPU
		{607C90C5-BD80-4E77-82D2-37CE6BD72474}.Release|Any CPU.Build.0 = Release|Any CPU
	EndGlobalSection
	GlobalSection(SolutionProperties) = preSolution
		HideSolutionNode = FALSE
	EndGlobalSection
	GlobalSection(ExtensibilityGlobals) = postSolution
		SolutionGuid = {E5D41108-C741-4074-B73C-C759DAFCAE19}
	EndGlobalSection
EndGlobal
